// !$*UTF8*$!
{
	archiveVersion = 1;
	classes = {
	};
	objectVersion = 46;
	objects = {

/* Begin PBXBuildFile section */
		9CDD93DC1BFDA0BD00BF0B64 /* MMSNControllers.m in Sources */ = {isa = PBXBuildFile; fileRef = 9CDD93DB1BFDA0BD00BF0B64 /* MMSNControllers.m */; };
		9CDD93F91BFDA0C400BF0B64 /* Add.storyboard in Resources */ = {isa = PBXBuildFile; fileRef = 9CDD93DE1BFDA0C400BF0B64 /* Add.storyboard */; };
		9CDD93FA1BFDA0C400BF0B64 /* LaunchScreen.xib in Resources */ = {isa = PBXBuildFile; fileRef = 9CDD93E01BFDA0C400BF0B64 /* LaunchScreen.xib */; };
		9CDD94041BFDA0C400BF0B64 /* Images.xcassets in Resources */ = {isa = PBXBuildFile; fileRef = 9CDD93F61BFDA0C400BF0B64 /* Images.xcassets */; };
		9CDD94051BFDA0C400BF0B64 /* Info.plist in Resources */ = {isa = PBXBuildFile; fileRef = 9CDD93F71BFDA0C400BF0B64 /* Info.plist */; };
		9CDD94061BFDA0C400BF0B64 /* main.m in Sources */ = {isa = PBXBuildFile; fileRef = 9CDD93F81BFDA0C400BF0B64 /* main.m */; };
		9CDD94091BFDA14A00BF0B64 /* AppDelegate.m in Sources */ = {isa = PBXBuildFile; fileRef = 9CDD94081BFDA14A00BF0B64 /* AppDelegate.m */; };
		9CDD940C1BFDA15400BF0B64 /* FourthViewController.m in Sources */ = {isa = PBXBuildFile; fileRef = 9CDD940B1BFDA15400BF0B64 /* FourthViewController.m */; };
		9CDD940F1BFDA15D00BF0B64 /* IndexEntity.m in Sources */ = {isa = PBXBuildFile; fileRef = 9CDD940E1BFDA15D00BF0B64 /* IndexEntity.m */; };
		9CDD941A1BFDA16700BF0B64 /* MainViewController.m in Sources */ = {isa = PBXBuildFile; fileRef = 9CDD94111BFDA16700BF0B64 /* MainViewController.m */; };
		9CDD941B1BFDA16700BF0B64 /* SecoundTableViewController.m in Sources */ = {isa = PBXBuildFile; fileRef = 9CDD94131BFDA16700BF0B64 /* SecoundTableViewController.m */; };
		9CDD941C1BFDA16700BF0B64 /* SecoundViewController.m in Sources */ = {isa = PBXBuildFile; fileRef = 9CDD94151BFDA16700BF0B64 /* SecoundViewController.m */; };
		9CDD941D1BFDA16700BF0B64 /* ThirdViewController.m in Sources */ = {isa = PBXBuildFile; fileRef = 9CDD94171BFDA16700BF0B64 /* ThirdViewController.m */; };
		9CDD941E1BFDA16700BF0B64 /* TopViewController.m in Sources */ = {isa = PBXBuildFile; fileRef = 9CDD94191BFDA16700BF0B64 /* TopViewController.m */; };
/* End PBXBuildFile section */

/* Begin PBXFileReference section */
		9CDD93DA1BFDA0BD00BF0B64 /* MMSNControllers.h */ = {isa = PBXFileReference; fileEncoding = 4; lastKnownFileType = sourcecode.c.h; path = MMSNControllers.h; sourceTree = "<group>"; };
		9CDD93DB1BFDA0BD00BF0B64 /* MMSNControllers.m */ = {isa = PBXFileReference; fileEncoding = 4; lastKnownFileType = sourcecode.c.objc; path = MMSNControllers.m; sourceTree = "<group>"; };
		9CDD93DF1BFDA0C400BF0B64 /* Base */ = {isa = PBXFileReference; lastKnownFileType = file.storyboard; name = Base; path = Base.lproj/Add.storyboard; sourceTree = "<group>"; };
		9CDD93E11BFDA0C400BF0B64 /* Base */ = {isa = PBXFileReference; lastKnownFileType = file.xib; name = Base; path = Base.lproj/LaunchScreen.xib; sourceTree = "<group>"; };
		9CDD93F61BFDA0C400BF0B64 /* Images.xcassets */ = {isa = PBXFileReference; lastKnownFileType = folder.assetcatalog; path = Images.xcassets; sourceTree = "<group>"; };
		9CDD93F71BFDA0C400BF0B64 /* Info.plist */ = {isa = PBXFileReference; fileEncoding = 4; lastKnownFileType = text.plist.xml; path = Info.plist; sourceTree = "<group>"; };
		9CDD93F81BFDA0C400BF0B64 /* main.m */ = {isa = PBXFileReference; fileEncoding = 4; lastKnownFileType = sourcecode.c.objc; path = main.m; sourceTree = "<group>"; };
		9CDD94071BFDA14A00BF0B64 /* AppDelegate.h */ = {isa = PBXFileReference; fileEncoding = 4; lastKnownFileType = sourcecode.c.h; path = AppDelegate.h; sourceTree = "<group>"; };
		9CDD94081BFDA14A00BF0B64 /* AppDelegate.m */ = {isa = PBXFileReference; fileEncoding = 4; lastKnownFileType = sourcecode.c.objc; path = AppDelegate.m; sourceTree = "<group>"; };
		9CDD940A1BFDA15400BF0B64 /* FourthViewController.h */ = {isa = PBXFileReference; fileEncoding = 4; lastKnownFileType = sourcecode.c.h; path = FourthViewController.h; sourceTree = "<group>"; };
		9CDD940B1BFDA15400BF0B64 /* FourthViewController.m */ = {isa = PBXFileReference; fileEncoding = 4; lastKnownFileType = sourcecode.c.objc; path = FourthViewController.m; sourceTree = "<group>"; };
		9CDD940D1BFDA15D00BF0B64 /* IndexEntity.h */ = {isa = PBXFileReference; fileEncoding = 4; lastKnownFileType = sourcecode.c.h; path = IndexEntity.h; sourceTree = "<group>"; };
		9CDD940E1BFDA15D00BF0B64 /* IndexEntity.m */ = {isa = PBXFileReference; fileEncoding = 4; lastKnownFileType = sourcecode.c.objc; path = IndexEntity.m; sourceTree = "<group>"; };
		9CDD94101BFDA16700BF0B64 /* MainViewController.h */ = {isa = PBXFileReference; fileEncoding = 4; lastKnownFileType = sourcecode.c.h; path = MainViewController.h; sourceTree = "<group>"; };
		9CDD94111BFDA16700BF0B64 /* MainViewController.m */ = {isa = PBXFileReference; fileEncoding = 4; lastKnownFileType = sourcecode.c.objc; path = MainViewController.m; sourceTree = "<group>"; };
		9CDD94121BFDA16700BF0B64 /* SecoundTableViewController.h */ = {isa = PBXFileReference; fileEncoding = 4; lastKnownFileType = sourcecode.c.h; path = SecoundTableViewController.h; sourceTree = "<group>"; };
		9CDD94131BFDA16700BF0B64 /* SecoundTableViewController.m */ = {isa = PBXFileReference; fileEncoding = 4; lastKnownFileType = sourcecode.c.objc; path = SecoundTableViewController.m; sourceTree = "<group>"; };
		9CDD94141BFDA16700BF0B64 /* SecoundViewController.h */ = {isa = PBXFileReference; fileEncoding = 4; lastKnownFileType = sourcecode.c.h; path = SecoundViewController.h; sourceTree = "<group>"; };
		9CDD94151BFDA16700BF0B64 /* SecoundViewController.m */ = {isa = PBXFileReference; fileEncoding = 4; lastKnownFileType = sourcecode.c.objc; path = SecoundViewController.m; sourceTree = "<group>"; };
		9CDD94161BFDA16700BF0B64 /* ThirdViewController.h */ = {isa = PBXFileReference; fileEncoding = 4; lastKnownFileType = sourcecode.c.h; path = ThirdViewController.h; sourceTree = "<group>"; };
		9CDD94171BFDA16700BF0B64 /* ThirdViewController.m */ = {isa = PBXFileReference; fileEncoding = 4; lastKnownFileType = sourcecode.c.objc; path = ThirdViewController.m; sourceTree = "<group>"; };
		9CDD94181BFDA16700BF0B64 /* TopViewController.h */ = {isa = PBXFileReference; fileEncoding = 4; lastKnownFileType = sourcecode.c.h; path = TopViewController.h; sourceTree = "<group>"; };
		9CDD94191BFDA16700BF0B64 /* TopViewController.m */ = {isa = PBXFileReference; fileEncoding = 4; lastKnownFileType = sourcecode.c.objc; path = TopViewController.m; sourceTree = "<group>"; };
		B521C04F1B8C7B1F001E9B99 /* SwipNavigationController.app */ = {isa = PBXFileReference; explicitFileType = wrapper.application; includeInIndex = 0; path = SwipNavigationController.app; sourceTree = BUILT_PRODUCTS_DIR; };
/* End PBXFileReference section */

/* Begin PBXFrameworksBuildPhase section */
		B521C04C1B8C7B1F001E9B99 /* Frameworks */ = {
			isa = PBXFrameworksBuildPhase;
			buildActionMask = 2147483647;
			files = (
			);
			runOnlyForDeploymentPostprocessing = 0;
		};
/* End PBXFrameworksBuildPhase section */

/* Begin PBXGroup section */
		9CDD93D91BFDA0BD00BF0B64 /* Classes */ = {
			isa = PBXGroup;
			children = (
				9CDD93DA1BFDA0BD00BF0B64 /* MMSNControllers.h */,
				9CDD93DB1BFDA0BD00BF0B64 /* MMSNControllers.m */,
			);
			path = Classes;
			sourceTree = "<group>";
		};
		9CDD93DD1BFDA0C400BF0B64 /* SwipNavigationControllerExample */ = {
			isa = PBXGroup;
			children = (
				9CDD94101BFDA16700BF0B64 /* MainViewController.h */,
				9CDD94111BFDA16700BF0B64 /* MainViewController.m */,
				9CDD94121BFDA16700BF0B64 /* SecoundTableViewController.h */,
				9CDD94131BFDA16700BF0B64 /* SecoundTableViewController.m */,
				9CDD94141BFDA16700BF0B64 /* SecoundViewController.h */,
				9CDD94151BFDA16700BF0B64 /* SecoundViewController.m */,
				9CDD94161BFDA16700BF0B64 /* ThirdViewController.h */,
				9CDD94171BFDA16700BF0B64 /* ThirdViewController.m */,
				9CDD94181BFDA16700BF0B64 /* TopViewController.h */,
				9CDD94191BFDA16700BF0B64 /* TopViewController.m */,
				9CDD940D1BFDA15D00BF0B64 /* IndexEntity.h */,
				9CDD940E1BFDA15D00BF0B64 /* IndexEntity.m */,
				9CDD940A1BFDA15400BF0B64 /* FourthViewController.h */,
				9CDD940B1BFDA15400BF0B64 /* FourthViewController.m */,
				9CDD94071BFDA14A00BF0B64 /* AppDelegate.h */,
				9CDD94081BFDA14A00BF0B64 /* AppDelegate.m */,
				9CDD93DE1BFDA0C400BF0B64 /* Add.storyboard */,
				9CDD93E01BFDA0C400BF0B64 /* LaunchScreen.xib */,
				9CDD93F61BFDA0C400BF0B64 /* Images.xcassets */,
				9CDD93F71BFDA0C400BF0B64 /* Info.plist */,
				9CDD93F81BFDA0C400BF0B64 /* main.m */,
			);
			path = SwipNavigationControllerExample;
			sourceTree = "<group>";
		};
		B521C0461B8C7B1F001E9B99 = {
			isa = PBXGroup;
			children = (
				9CDD93D91BFDA0BD00BF0B64 /* Classes */,
				9CDD93DD1BFDA0C400BF0B64 /* SwipNavigationControllerExample */,
				B521C0501B8C7B1F001E9B99 /* Products */,
			);
			sourceTree = "<group>";
		};
		B521C0501B8C7B1F001E9B99 /* Products */ = {
			isa = PBXGroup;
			children = (
				B521C04F1B8C7B1F001E9B99 /* SwipNavigationController.app */,
			);
			name = Products;
			sourceTree = "<group>";
		};
/* End PBXGroup section */

/* Begin PBXNativeTarget section */
		B521C04E1B8C7B1F001E9B99 /* SwipNavigationController */ = {
			isa = PBXNativeTarget;
			buildConfigurationList = B521C0721B8C7B1F001E9B99 /* Build configuration list for PBXNativeTarget "SwipNavigationController" */;
			buildPhases = (
				B521C04B1B8C7B1F001E9B99 /* Sources */,
				B521C04C1B8C7B1F001E9B99 /* Frameworks */,
				B521C04D1B8C7B1F001E9B99 /* Resources */,
			);
			buildRules = (
			);
			dependencies = (
			);
			name = SwipNavigationController;
			productName = SwipViewControllers;
			productReference = B521C04F1B8C7B1F001E9B99 /* SwipNavigationController.app */;
			productType = "com.apple.product-type.application";
		};
/* End PBXNativeTarget section */

/* Begin PBXProject section */
		B521C0471B8C7B1F001E9B99 /* Project object */ = {
			isa = PBXProject;
			attributes = {
				LastUpgradeCheck = 0640;
				ORGANIZATIONNAME = "Masahito Mizogaki";
				TargetAttributes = {
					B521C04E1B8C7B1F001E9B99 = {
						CreatedOnToolsVersion = 6.4;
						DevelopmentTeam = E8K7V8Y3M8;
					};
				};
			};
			buildConfigurationList = B521C04A1B8C7B1F001E9B99 /* Build configuration list for PBXProject "SwipNavigationController" */;
			compatibilityVersion = "Xcode 3.2";
			developmentRegion = English;
			hasScannedForEncodings = 0;
			knownRegions = (
				en,
				Base,
			);
			mainGroup = B521C0461B8C7B1F001E9B99;
			productRefGroup = B521C0501B8C7B1F001E9B99 /* Products */;
			projectDirPath = "";
			projectRoot = "";
			targets = (
				B521C04E1B8C7B1F001E9B99 /* SwipNavigationController */,
			);
		};
/* End PBXProject section */

/* Begin PBXResourcesBuildPhase section */
		B521C04D1B8C7B1F001E9B99 /* Resources */ = {
			isa = PBXResourcesBuildPhase;
			buildActionMask = 2147483647;
			files = (
				9CDD94051BFDA0C400BF0B64 /* Info.plist in Resources */,
				9CDD94041BFDA0C400BF0B64 /* Images.xcassets in Resources */,
				9CDD93FA1BFDA0C400BF0B64 /* LaunchScreen.xib in Resources */,
				9CDD93F91BFDA0C400BF0B64 /* Add.storyboard in Resources */,
			);
			runOnlyForDeploymentPostprocessing = 0;
		};
/* End PBXResourcesBuildPhase section */

/* Begin PBXSourcesBuildPhase section */
		B521C04B1B8C7B1F001E9B99 /* Sources */ = {
			isa = PBXSourcesBuildPhase;
			buildActionMask = 2147483647;
			files = (
				9CDD941E1BFDA16700BF0B64 /* TopViewController.m in Sources */,
				9CDD940C1BFDA15400BF0B64 /* FourthViewController.m in Sources */,
				9CDD941A1BFDA16700BF0B64 /* MainViewController.m in Sources */,
				9CDD941C1BFDA16700BF0B64 /* SecoundViewController.m in Sources */,
				9CDD940F1BFDA15D00BF0B64 /* IndexEntity.m in Sources */,
				9CDD93DC1BFDA0BD00BF0B64 /* MMSNControllers.m in Sources */,
				9CDD941D1BFDA16700BF0B64 /* ThirdViewController.m in Sources */,
				9CDD94061BFDA0C400BF0B64 /* main.m in Sources */,
				9CDD94091BFDA14A00BF0B64 /* AppDelegate.m in Sources */,
				9CDD941B1BFDA16700BF0B64 /* SecoundTableViewController.m in Sources */,
			);
			runOnlyForDeploymentPostprocessing = 0;
		};
/* End PBXSourcesBuildPhase section */

/* Begin PBXVariantGroup section */
		9CDD93DE1BFDA0C400BF0B64 /* Add.storyboard */ = {
			isa = PBXVariantGroup;
			children = (
				9CDD93DF1BFDA0C400BF0B64 /* Base */,
			);
			name = Add.storyboard;
			sourceTree = "<group>";
		};
		9CDD93E01BFDA0C400BF0B64 /* LaunchScreen.xib */ = {
			isa = PBXVariantGroup;
			children = (
				9CDD93E11BFDA0C400BF0B64 /* Base */,
			);
			name = LaunchScreen.xib;
			sourceTree = "<group>";
		};
/* End PBXVariantGroup section */

/* Begin XCBuildConfiguration section */
		B521C0701B8C7B1F001E9B99 /* Debug */ = {
			isa = XCBuildConfiguration;
			buildSettings = {
				ALWAYS_SEARCH_USER_PATHS = NO;
				CLANG_CXX_LANGUAGE_STANDARD = "gnu++0x";
				CLANG_CXX_LIBRARY = "libc++";
				CLANG_ENABLE_MODULES = YES;
				CLANG_ENABLE_OBJC_ARC = YES;
				CLANG_WARN_BOOL_CONVERSION = YES;
				CLANG_WARN_CONSTANT_CONVERSION = YES;
				CLANG_WARN_DIRECT_OBJC_ISA_USAGE = YES_ERROR;
				CLANG_WARN_EMPTY_BODY = YES;
				CLANG_WARN_ENUM_CONVERSION = YES;
				CLANG_WARN_INT_CONVERSION = YES;
				CLANG_WARN_OBJC_ROOT_CLASS = YES_ERROR;
				CLANG_WARN_UNREACHABLE_CODE = YES;
				CLANG_WARN__DUPLICATE_METHOD_MATCH = YES;
				"CODE_SIGN_IDENTITY[sdk=iphoneos*]" = "iPhone Developer";
				COPY_PHASE_STRIP = NO;
				DEBUG_INFORMATION_FORMAT = "dwarf-with-dsym";
				ENABLE_STRICT_OBJC_MSGSEND = YES;
				GCC_C_LANGUAGE_STANDARD = gnu99;
				GCC_DYNAMIC_NO_PIC = NO;
				GCC_NO_COMMON_BLOCKS = YES;
				GCC_OPTIMIZATION_LEVEL = 0;
				GCC_PREPROCESSOR_DEFINITIONS = (
					"DEBUG=1",
					"$(inherited)",
				);
				GCC_SYMBOLS_PRIVATE_EXTERN = NO;
				GCC_WARN_64_TO_32_BIT_CONVERSION = YES;
				GCC_WARN_ABOUT_RETURN_TYPE = YES_ERROR;
				GCC_WARN_UNDECLARED_SELECTOR = YES;
				GCC_WARN_UNINITIALIZED_AUTOS = YES_AGGRESSIVE;
				GCC_WARN_UNUSED_FUNCTION = YES;
				GCC_WARN_UNUSED_VARIABLE = YES;
				IPHONEOS_DEPLOYMENT_TARGET = 7.0;
				MTL_ENABLE_DEBUG_INFO = YES;
				ONLY_ACTIVE_ARCH = YES;
				SDKROOT = iphoneos;
			};
			name = Debug;
		};
		B521C0711B8C7B1F001E9B99 /* Release */ = {
			isa = XCBuildConfiguration;
			buildSettings = {
				ALWAYS_SEARCH_USER_PATHS = NO;
				CLANG_CXX_LANGUAGE_STANDARD = "gnu++0x";
				CLANG_CXX_LIBRARY = "libc++";
				CLANG_ENABLE_MODULES = YES;
				CLANG_ENABLE_OBJC_ARC = YES;
				CLANG_WARN_BOOL_CONVERSION = YES;
				CLANG_WARN_CONSTANT_CONVERSION = YES;
				CLANG_WARN_DIRECT_OBJC_ISA_USAGE = YES_ERROR;
				CLANG_WARN_EMPTY_BODY = YES;
				CLANG_WARN_ENUM_CONVERSION = YES;
				CLANG_WARN_INT_CONVERSION = YES;
				CLANG_WARN_OBJC_ROOT_CLASS = YES_ERROR;
				CLANG_WARN_UNREACHABLE_CODE = YES;
				CLANG_WARN__DUPLICATE_METHOD_MATCH = YES;
				"CODE_SIGN_IDENTITY[sdk=iphoneos*]" = "iPhone Developer";
				COPY_PHASE_STRIP = NO;
				DEBUG_INFORMATION_FORMAT = "dwarf-with-dsym";
				ENABLE_NS_ASSERTIONS = NO;
				ENABLE_STRICT_OBJC_MSGSEND = YES;
				GCC_C_LANGUAGE_STANDARD = gnu99;
				GCC_NO_COMMON_BLOCKS = YES;
				GCC_WARN_64_TO_32_BIT_CONVERSION = YES;
				GCC_WARN_ABOUT_RETURN_TYPE = YES_ERROR;
				GCC_WARN_UNDECLARED_SELECTOR = YES;
				GCC_WARN_UNINITIALIZED_AUTOS = YES_AGGRESSIVE;
				GCC_WARN_UNUSED_FUNCTION = YES;
				GCC_WARN_UNUSED_VARIABLE = YES;
				IPHONEOS_DEPLOYMENT_TARGET = 7.0;
				MTL_ENABLE_DEBUG_INFO = NO;
				SDKROOT = iphoneos;
				VALIDATE_PRODUCT = YES;
			};
			name = Release;
		};
		B521C0731B8C7B1F001E9B99 /* Debug */ = {
			isa = XCBuildConfiguration;
			buildSettings = {
				ASSETCATALOG_COMPILER_APPICON_NAME = AppIcon;
				ASSETCATALOG_COMPILER_LAUNCHIMAGE_NAME = LaunchImage;
				CODE_SIGN_IDENTITY = "iPhone Developer";
				INFOPLIST_FILE = "$(SRCROOT)/SwipNavigationControllerExample/Info.plist";
				LD_RUNPATH_SEARCH_PATHS = "$(inherited) @executable_path/Frameworks";
				PRODUCT_NAME = SwipNavigationController;
			};
			name = Debug;
		};
		B521C0741B8C7B1F001E9B99 /* Release */ = {
			isa = XCBuildConfiguration;
			buildSettings = {
				ASSETCATALOG_COMPILER_APPICON_NAME = AppIcon;
				ASSETCATALOG_COMPILER_LAUNCHIMAGE_NAME = LaunchImage;
				CODE_SIGN_IDENTITY = "iPhone Developer";
				INFOPLIST_FILE = "$(SRCROOT)/SwipNavigationControllerExample/Info.plist";
				LD_RUNPATH_SEARCH_PATHS = "$(inherited) @executable_path/Frameworks";
				PRODUCT_NAME = SwipNavigationController;
			};
			name = Release;
		};
/* End XCBuildConfiguration section */

/* Begin XCConfigurationList section */
		B521C04A1B8C7B1F001E9B99 /* Build configuration list for PBXProject "SwipNavigationController" */ = {
			isa = XCConfigurationList;
			buildConfigurations = (
				B521C0701B8C7B1F001E9B99 /* Debug */,
				B521C0711B8C7B1F001E9B99 /* Release */,
			);
			defaultConfigurationIsVisible = 0;
			defaultConfigurationName = Release;
		};
		B521C0721B8C7B1F001E9B99 /* Build configuration list for PBXNativeTarget "SwipNavigationController" */ = {
			isa = XCConfigurationList;
			buildConfigurations = (
				B521C0731B8C7B1F001E9B99 /* Debug */,
				B521C0741B8C7B1F001E9B99 /* Release */,
			);
			defaultConfigurationIsVisible = 0;
			defaultConfigurationName = Release;
		};
/* End XCConfigurationList section */
	};
	rootObject = B521C0471B8C7B1F001E9B99 /* Project object */;
}
