// !$*UTF8*$!
{
	archiveVersion = 1;
	classes = {
	};
	objectVersion = 46;
	objects = {

/* Begin PBXBuildFile section */
		B501F0821B9699910002B0C4 /* FourthViewController.m in Sources */ = {isa = PBXBuildFile; fileRef = B501F0721B9699910002B0C4 /* FourthViewController.m */; };
		B501F0831B9699910002B0C4 /* IndexEntity.m in Sources */ = {isa = PBXBuildFile; fileRef = B501F0741B9699910002B0C4 /* IndexEntity.m */; };
		B501F0841B9699910002B0C4 /* MainViewController.m in Sources */ = {isa = PBXBuildFile; fileRef = B501F0761B9699910002B0C4 /* MainViewController.m */; };
		B501F0851B9699910002B0C4 /* SecoundTableViewController.m in Sources */ = {isa = PBXBuildFile; fileRef = B501F0781B9699910002B0C4 /* SecoundTableViewController.m */; };
		B501F0861B9699910002B0C4 /* SecoundViewController.m in Sources */ = {isa = PBXBuildFile; fileRef = B501F07A1B9699910002B0C4 /* SecoundViewController.m */; };
		B501F0871B9699910002B0C4 /* ThirdViewController.m in Sources */ = {isa = PBXBuildFile; fileRef = B501F07C1B9699910002B0C4 /* ThirdViewController.m */; };
		B501F0881B9699910002B0C4 /* TopViewController.m in Sources */ = {isa = PBXBuildFile; fileRef = B501F07E1B9699910002B0C4 /* TopViewController.m */; };
		B501F0891B9699910002B0C4 /* SwipeNavigationControllers.m in Sources */ = {isa = PBXBuildFile; fileRef = B501F0811B9699910002B0C4 /* SwipeNavigationControllers.m */; };
		B501F08C1B969DCC0002B0C4 /* AppDelegate.m in Sources */ = {isa = PBXBuildFile; fileRef = B501F08B1B969DCC0002B0C4 /* AppDelegate.m */; };
		B521C0551B8C7B1F001E9B99 /* main.m in Sources */ = {isa = PBXBuildFile; fileRef = B521C0541B8C7B1F001E9B99 /* main.m */; };
		B521C05E1B8C7B1F001E9B99 /* Add.storyboard in Resources */ = {isa = PBXBuildFile; fileRef = B521C05C1B8C7B1F001E9B99 /* Add.storyboard */; };
		B521C0601B8C7B1F001E9B99 /* Images.xcassets in Resources */ = {isa = PBXBuildFile; fileRef = B521C05F1B8C7B1F001E9B99 /* Images.xcassets */; };
		B521C0631B8C7B1F001E9B99 /* LaunchScreen.xib in Resources */ = {isa = PBXBuildFile; fileRef = B521C0611B8C7B1F001E9B99 /* LaunchScreen.xib */; };
/* End PBXBuildFile section */

/* Begin PBXFileReference section */
		B501F0711B9699910002B0C4 /* FourthViewController.h */ = {isa = PBXFileReference; fileEncoding = 4; lastKnownFileType = sourcecode.c.h; path = FourthViewController.h; sourceTree = "<group>"; };
		B501F0721B9699910002B0C4 /* FourthViewController.m */ = {isa = PBXFileReference; fileEncoding = 4; lastKnownFileType = sourcecode.c.objc; path = FourthViewController.m; sourceTree = "<group>"; };
		B501F0731B9699910002B0C4 /* IndexEntity.h */ = {isa = PBXFileReference; fileEncoding = 4; lastKnownFileType = sourcecode.c.h; path = IndexEntity.h; sourceTree = "<group>"; };
		B501F0741B9699910002B0C4 /* IndexEntity.m */ = {isa = PBXFileReference; fileEncoding = 4; lastKnownFileType = sourcecode.c.objc; path = IndexEntity.m; sourceTree = "<group>"; };
		B501F0751B9699910002B0C4 /* MainViewController.h */ = {isa = PBXFileReference; fileEncoding = 4; lastKnownFileType = sourcecode.c.h; path = MainViewController.h; sourceTree = "<group>"; };
		B501F0761B9699910002B0C4 /* MainViewController.m */ = {isa = PBXFileReference; fileEncoding = 4; lastKnownFileType = sourcecode.c.objc; path = MainViewController.m; sourceTree = "<group>"; };
		B501F0771B9699910002B0C4 /* SecoundTableViewController.h */ = {isa = PBXFileReference; fileEncoding = 4; lastKnownFileType = sourcecode.c.h; path = SecoundTableViewController.h; sourceTree = "<group>"; };
		B501F0781B9699910002B0C4 /* SecoundTableViewController.m */ = {isa = PBXFileReference; fileEncoding = 4; lastKnownFileType = sourcecode.c.objc; path = SecoundTableViewController.m; sourceTree = "<group>"; };
		B501F0791B9699910002B0C4 /* SecoundViewController.h */ = {isa = PBXFileReference; fileEncoding = 4; lastKnownFileType = sourcecode.c.h; path = SecoundViewController.h; sourceTree = "<group>"; };
		B501F07A1B9699910002B0C4 /* SecoundViewController.m */ = {isa = PBXFileReference; fileEncoding = 4; lastKnownFileType = sourcecode.c.objc; path = SecoundViewController.m; sourceTree = "<group>"; };
		B501F07B1B9699910002B0C4 /* ThirdViewController.h */ = {isa = PBXFileReference; fileEncoding = 4; lastKnownFileType = sourcecode.c.h; path = ThirdViewController.h; sourceTree = "<group>"; };
		B501F07C1B9699910002B0C4 /* ThirdViewController.m */ = {isa = PBXFileReference; fileEncoding = 4; lastKnownFileType = sourcecode.c.objc; path = ThirdViewController.m; sourceTree = "<group>"; };
		B501F07D1B9699910002B0C4 /* TopViewController.h */ = {isa = PBXFileReference; fileEncoding = 4; lastKnownFileType = sourcecode.c.h; path = TopViewController.h; sourceTree = "<group>"; };
		B501F07E1B9699910002B0C4 /* TopViewController.m */ = {isa = PBXFileReference; fileEncoding = 4; lastKnownFileType = sourcecode.c.objc; path = TopViewController.m; sourceTree = "<group>"; };
		B501F0801B9699910002B0C4 /* SwipeNavigationControllers.h */ = {isa = PBXFileReference; fileEncoding = 4; lastKnownFileType = sourcecode.c.h; path = SwipeNavigationControllers.h; sourceTree = "<group>"; };
		B501F0811B9699910002B0C4 /* SwipeNavigationControllers.m */ = {isa = PBXFileReference; fileEncoding = 4; lastKnownFileType = sourcecode.c.objc; path = SwipeNavigationControllers.m; sourceTree = "<group>"; };
		B501F08A1B969DCC0002B0C4 /* AppDelegate.h */ = {isa = PBXFileReference; fileEncoding = 4; lastKnownFileType = sourcecode.c.h; path = AppDelegate.h; sourceTree = "<group>"; };
		B501F08B1B969DCC0002B0C4 /* AppDelegate.m */ = {isa = PBXFileReference; fileEncoding = 4; lastKnownFileType = sourcecode.c.objc; path = AppDelegate.m; sourceTree = "<group>"; };
		B521C04F1B8C7B1F001E9B99 /* SwipNavigationController.app */ = {isa = PBXFileReference; explicitFileType = wrapper.application; includeInIndex = 0; path = SwipNavigationController.app; sourceTree = BUILT_PRODUCTS_DIR; };
		B521C0531B8C7B1F001E9B99 /* Info.plist */ = {isa = PBXFileReference; lastKnownFileType = text.plist.xml; path = Info.plist; sourceTree = "<group>"; };
		B521C0541B8C7B1F001E9B99 /* main.m */ = {isa = PBXFileReference; lastKnownFileType = sourcecode.c.objc; path = main.m; sourceTree = "<group>"; };
		B521C05D1B8C7B1F001E9B99 /* Base */ = {isa = PBXFileReference; lastKnownFileType = file.storyboard; name = Base; path = Base.lproj/Add.storyboard; sourceTree = "<group>"; };
		B521C05F1B8C7B1F001E9B99 /* Images.xcassets */ = {isa = PBXFileReference; lastKnownFileType = folder.assetcatalog; path = Images.xcassets; sourceTree = "<group>"; };
		B521C0621B8C7B1F001E9B99 /* Base */ = {isa = PBXFileReference; lastKnownFileType = file.xib; name = Base; path = Base.lproj/LaunchScreen.xib; sourceTree = "<group>"; };
/* End PBXFileReference section */

/* Begin PBXFrameworksBuildPhase section */
		B521C04C1B8C7B1F001E9B99 /* Frameworks */ = {
			isa = PBXFrameworksBuildPhase;
			buildActionMask = 2147483647;
			files = (
			);
			runOnlyForDeploymentPostprocessing = 0;
		};
/* End PBXFrameworksBuildPhase section */

/* Begin PBXGroup section */
		B501F0701B9699910002B0C4 /* Class */ = {
			isa = PBXGroup;
			children = (
				B501F08A1B969DCC0002B0C4 /* AppDelegate.h */,
				B501F08B1B969DCC0002B0C4 /* AppDelegate.m */,
				B501F0711B9699910002B0C4 /* FourthViewController.h */,
				B501F0721B9699910002B0C4 /* FourthViewController.m */,
				B501F0731B9699910002B0C4 /* IndexEntity.h */,
				B501F0741B9699910002B0C4 /* IndexEntity.m */,
				B501F0751B9699910002B0C4 /* MainViewController.h */,
				B501F0761B9699910002B0C4 /* MainViewController.m */,
				B501F0771B9699910002B0C4 /* SecoundTableViewController.h */,
				B501F0781B9699910002B0C4 /* SecoundTableViewController.m */,
				B501F0791B9699910002B0C4 /* SecoundViewController.h */,
				B501F07A1B9699910002B0C4 /* SecoundViewController.m */,
				B501F07B1B9699910002B0C4 /* ThirdViewController.h */,
				B501F07C1B9699910002B0C4 /* ThirdViewController.m */,
				B501F07D1B9699910002B0C4 /* TopViewController.h */,
				B501F07E1B9699910002B0C4 /* TopViewController.m */,
			);
			path = Class;
			sourceTree = "<group>";
		};
		B501F07F1B9699910002B0C4 /* SwipeNavigation */ = {
			isa = PBXGroup;
			children = (
				B501F0801B9699910002B0C4 /* SwipeNavigationControllers.h */,
				B501F0811B9699910002B0C4 /* SwipeNavigationControllers.m */,
			);
			path = SwipeNavigation;
			sourceTree = "<group>";
		};
		B521C0461B8C7B1F001E9B99 = {
			isa = PBXGroup;
			children = (
				B521C0511B8C7B1F001E9B99 /* SwipViewControllers */,
				B521C0501B8C7B1F001E9B99 /* Products */,
			);
			sourceTree = "<group>";
		};
		B521C0501B8C7B1F001E9B99 /* Products */ = {
			isa = PBXGroup;
			children = (
				B521C04F1B8C7B1F001E9B99 /* SwipNavigationController.app */,
			);
			name = Products;
			sourceTree = "<group>";
		};
		B521C0511B8C7B1F001E9B99 /* SwipViewControllers */ = {
			isa = PBXGroup;
			children = (
				B521C05C1B8C7B1F001E9B99 /* Add.storyboard */,
				B501F07F1B9699910002B0C4 /* SwipeNavigation */,
				B501F0701B9699910002B0C4 /* Class */,
				B521C05F1B8C7B1F001E9B99 /* Images.xcassets */,
				B521C0611B8C7B1F001E9B99 /* LaunchScreen.xib */,
				B521C0521B8C7B1F001E9B99 /* Supporting Files */,
			);
			path = SwipViewControllers;
			sourceTree = "<group>";
		};
		B521C0521B8C7B1F001E9B99 /* Supporting Files */ = {
			isa = PBXGroup;
			children = (
				B521C0531B8C7B1F001E9B99 /* Info.plist */,
				B521C0541B8C7B1F001E9B99 /* main.m */,
			);
			name = "Supporting Files";
			sourceTree = "<group>";
		};
/* End PBXGroup section */

/* Begin PBXNativeTarget section */
		B521C04E1B8C7B1F001E9B99 /* SwipNavigationController */ = {
			isa = PBXNativeTarget;
			buildConfigurationList = B521C0721B8C7B1F001E9B99 /* Build configuration list for PBXNativeTarget "SwipNavigationController" */;
			buildPhases = (
				B521C04B1B8C7B1F001E9B99 /* Sources */,
				B521C04C1B8C7B1F001E9B99 /* Frameworks */,
				B521C04D1B8C7B1F001E9B99 /* Resources */,
			);
			buildRules = (
			);
			dependencies = (
			);
			name = SwipNavigationController;
			productName = SwipViewControllers;
			productReference = B521C04F1B8C7B1F001E9B99 /* SwipNavigationController.app */;
			productType = "com.apple.product-type.application";
		};
/* End PBXNativeTarget section */

/* Begin PBXProject section */
		B521C0471B8C7B1F001E9B99 /* Project object */ = {
			isa = PBXProject;
			attributes = {
				LastUpgradeCheck = 0640;
				ORGANIZATIONNAME = "Masahito Mizogaki";
				TargetAttributes = {
					B521C04E1B8C7B1F001E9B99 = {
						CreatedOnToolsVersion = 6.4;
						DevelopmentTeam = 7MB2M2F753;
					};
				};
			};
			buildConfigurationList = B521C04A1B8C7B1F001E9B99 /* Build configuration list for PBXProject "SwipNavigationController" */;
			compatibilityVersion = "Xcode 3.2";
			developmentRegion = English;
			hasScannedForEncodings = 0;
			knownRegions = (
				en,
				Base,
			);
			mainGroup = B521C0461B8C7B1F001E9B99;
			productRefGroup = B521C0501B8C7B1F001E9B99 /* Products */;
			projectDirPath = "";
			projectRoot = "";
			targets = (
				B521C04E1B8C7B1F001E9B99 /* SwipNavigationController */,
			);
		};
/* End PBXProject section */

/* Begin PBXResourcesBuildPhase section */
		B521C04D1B8C7B1F001E9B99 /* Resources */ = {
			isa = PBXResourcesBuildPhase;
			buildActionMask = 2147483647;
			files = (
				B521C05E1B8C7B1F001E9B99 /* Add.storyboard in Resources */,
				B521C0631B8C7B1F001E9B99 /* LaunchScreen.xib in Resources */,
				B521C0601B8C7B1F001E9B99 /* Images.xcassets in Resources */,
			);
			runOnlyForDeploymentPostprocessing = 0;
		};
/* End PBXResourcesBuildPhase section */

/* Begin PBXSourcesBuildPhase section */
		B521C04B1B8C7B1F001E9B99 /* Sources */ = {
			isa = PBXSourcesBuildPhase;
			buildActionMask = 2147483647;
			files = (
				B501F0821B9699910002B0C4 /* FourthViewController.m in Sources */,
				B501F0851B9699910002B0C4 /* SecoundTableViewController.m in Sources */,
				B501F0871B9699910002B0C4 /* ThirdViewController.m in Sources */,
				B501F0891B9699910002B0C4 /* SwipeNavigationControllers.m in Sources */,
				B501F08C1B969DCC0002B0C4 /* AppDelegate.m in Sources */,
				B501F0831B9699910002B0C4 /* IndexEntity.m in Sources */,
				B501F0841B9699910002B0C4 /* MainViewController.m in Sources */,
				B501F0861B9699910002B0C4 /* SecoundViewController.m in Sources */,
				B521C0551B8C7B1F001E9B99 /* main.m in Sources */,
				B501F0881B9699910002B0C4 /* TopViewController.m in Sources */,
			);
			runOnlyForDeploymentPostprocessing = 0;
		};
/* End PBXSourcesBuildPhase section */

/* Begin PBXVariantGroup section */
		B521C05C1B8C7B1F001E9B99 /* Add.storyboard */ = {
			isa = PBXVariantGroup;
			children = (
				B521C05D1B8C7B1F001E9B99 /* Base */,
			);
			name = Add.storyboard;
			sourceTree = "<group>";
		};
		B521C0611B8C7B1F001E9B99 /* LaunchScreen.xib */ = {
			isa = PBXVariantGroup;
			children = (
				B521C0621B8C7B1F001E9B99 /* Base */,
			);
			name = LaunchScreen.xib;
			sourceTree = "<group>";
		};
/* End PBXVariantGroup section */

/* Begin XCBuildConfiguration section */
		B521C0701B8C7B1F001E9B99 /* Debug */ = {
			isa = XCBuildConfiguration;
			buildSettings = {
				ALWAYS_SEARCH_USER_PATHS = NO;
				CLANG_CXX_LANGUAGE_STANDARD = "gnu++0x";
				CLANG_CXX_LIBRARY = "libc++";
				CLANG_ENABLE_MODULES = YES;
				CLANG_ENABLE_OBJC_ARC = YES;
				CLANG_WARN_BOOL_CONVERSION = YES;
				CLANG_WARN_CONSTANT_CONVERSION = YES;
				CLANG_WARN_DIRECT_OBJC_ISA_USAGE = YES_ERROR;
				CLANG_WARN_EMPTY_BODY = YES;
				CLANG_WARN_ENUM_CONVERSION = YES;
				CLANG_WARN_INT_CONVERSION = YES;
				CLANG_WARN_OBJC_ROOT_CLASS = YES_ERROR;
				CLANG_WARN_UNREACHABLE_CODE = YES;
				CLANG_WARN__DUPLICATE_METHOD_MATCH = YES;
				"CODE_SIGN_IDENTITY[sdk=iphoneos*]" = "iPhone Developer";
				COPY_PHASE_STRIP = NO;
				DEBUG_INFORMATION_FORMAT = "dwarf-with-dsym";
				ENABLE_STRICT_OBJC_MSGSEND = YES;
				GCC_C_LANGUAGE_STANDARD = gnu99;
				GCC_DYNAMIC_NO_PIC = NO;
				GCC_NO_COMMON_BLOCKS = YES;
				GCC_OPTIMIZATION_LEVEL = 0;
				GCC_PREPROCESSOR_DEFINITIONS = (
					"DEBUG=1",
					"$(inherited)",
				);
				GCC_SYMBOLS_PRIVATE_EXTERN = NO;
				GCC_WARN_64_TO_32_BIT_CONVERSION = YES;
				GCC_WARN_ABOUT_RETURN_TYPE = YES_ERROR;
				GCC_WARN_UNDECLARED_SELECTOR = YES;
				GCC_WARN_UNINITIALIZED_AUTOS = YES_AGGRESSIVE;
				GCC_WARN_UNUSED_FUNCTION = YES;
				GCC_WARN_UNUSED_VARIABLE = YES;
				IPHONEOS_DEPLOYMENT_TARGET = 7.0;
				MTL_ENABLE_DEBUG_INFO = YES;
				ONLY_ACTIVE_ARCH = YES;
				SDKROOT = iphoneos;
			};
			name = Debug;
		};
		B521C0711B8C7B1F001E9B99 /* Release */ = {
			isa = XCBuildConfiguration;
			buildSettings = {
				ALWAYS_SEARCH_USER_PATHS = NO;
				CLANG_CXX_LANGUAGE_STANDARD = "gnu++0x";
				CLANG_CXX_LIBRARY = "libc++";
				CLANG_ENABLE_MODULES = YES;
				CLANG_ENABLE_OBJC_ARC = YES;
				CLANG_WARN_BOOL_CONVERSION = YES;
				CLANG_WARN_CONSTANT_CONVERSION = YES;
				CLANG_WARN_DIRECT_OBJC_ISA_USAGE = YES_ERROR;
				CLANG_WARN_EMPTY_BODY = YES;
				CLANG_WARN_ENUM_CONVERSION = YES;
				CLANG_WARN_INT_CONVERSION = YES;
				CLANG_WARN_OBJC_ROOT_CLASS = YES_ERROR;
				CLANG_WARN_UNREACHABLE_CODE = YES;
				CLANG_WARN__DUPLICATE_METHOD_MATCH = YES;
				"CODE_SIGN_IDENTITY[sdk=iphoneos*]" = "iPhone Developer";
				COPY_PHASE_STRIP = NO;
				DEBUG_INFORMATION_FORMAT = "dwarf-with-dsym";
				ENABLE_NS_ASSERTIONS = NO;
				ENABLE_STRICT_OBJC_MSGSEND = YES;
				GCC_C_LANGUAGE_STANDARD = gnu99;
				GCC_NO_COMMON_BLOCKS = YES;
				GCC_WARN_64_TO_32_BIT_CONVERSION = YES;
				GCC_WARN_ABOUT_RETURN_TYPE = YES_ERROR;
				GCC_WARN_UNDECLARED_SELECTOR = YES;
				GCC_WARN_UNINITIALIZED_AUTOS = YES_AGGRESSIVE;
				GCC_WARN_UNUSED_FUNCTION = YES;
				GCC_WARN_UNUSED_VARIABLE = YES;
				IPHONEOS_DEPLOYMENT_TARGET = 7.0;
				MTL_ENABLE_DEBUG_INFO = NO;
				SDKROOT = iphoneos;
				VALIDATE_PRODUCT = YES;
			};
			name = Release;
		};
		B521C0731B8C7B1F001E9B99 /* Debug */ = {
			isa = XCBuildConfiguration;
			buildSettings = {
				ASSETCATALOG_COMPILER_APPICON_NAME = AppIcon;
				ASSETCATALOG_COMPILER_LAUNCHIMAGE_NAME = LaunchImage;
				CODE_SIGN_IDENTITY = "iPhone Developer";
				INFOPLIST_FILE = SwipViewControllers/Info.plist;
				LD_RUNPATH_SEARCH_PATHS = "$(inherited) @executable_path/Frameworks";
				PRODUCT_NAME = SwipNavigationController;
			};
			name = Debug;
		};
		B521C0741B8C7B1F001E9B99 /* Release */ = {
			isa = XCBuildConfiguration;
			buildSettings = {
				ASSETCATALOG_COMPILER_APPICON_NAME = AppIcon;
				ASSETCATALOG_COMPILER_LAUNCHIMAGE_NAME = LaunchImage;
				CODE_SIGN_IDENTITY = "iPhone Developer";
				INFOPLIST_FILE = SwipViewControllers/Info.plist;
				LD_RUNPATH_SEARCH_PATHS = "$(inherited) @executable_path/Frameworks";
				PRODUCT_NAME = SwipNavigationController;
			};
			name = Release;
		};
/* End XCBuildConfiguration section */

/* Begin XCConfigurationList section */
		B521C04A1B8C7B1F001E9B99 /* Build configuration list for PBXProject "SwipNavigationController" */ = {
			isa = XCConfigurationList;
			buildConfigurations = (
				B521C0701B8C7B1F001E9B99 /* Debug */,
				B521C0711B8C7B1F001E9B99 /* Release */,
			);
			defaultConfigurationIsVisible = 0;
			defaultConfigurationName = Release;
		};
		B521C0721B8C7B1F001E9B99 /* Build configuration list for PBXNativeTarget "SwipNavigationController" */ = {
			isa = XCConfigurationList;
			buildConfigurations = (
				B521C0731B8C7B1F001E9B99 /* Debug */,
				B521C0741B8C7B1F001E9B99 /* Release */,
			);
			defaultConfigurationIsVisible = 0;
			defaultConfigurationName = Release;
		};
/* End XCConfigurationList section */
	};
	rootObject = B521C0471B8C7B1F001E9B99 /* Project object */;
}
